
Microsoft Visual Studio Solution File, Format Version 12.00
# Visual Studio Version 17
VisualStudioVersion = 17.10.35201.131
MinimumVisualStudioVersion = 10.0.40219.1
Project("{9A19103F-16F7-4668-BE54-9A1E7A4F7556}") = "FileSystem", "FileSystem.csproj", "{676B2ABF-76E3-4848-B1DA-CAF4FFE547B6}"
EndProject
Project("{9A19103F-16F7-4668-BE54-9A1E7A4F7556}") = "FileSystem.Local", "..\FileSystem.Local\FileSystem.Local.csproj", "{B5BF93E7-0C19-4E13-82D1-41495E848C5D}"
EndProject
Project("{9A19103F-16F7-4668-BE54-9A1E7A4F7556}") = "FileSystem.Local.Tests", "..\FileSystem.Local.Tests\FileSystem.Local.Tests.csproj", "{17C5984B-D64C-49A2-8D4C-70ED338FC730}"
EndProject
Project("{9A19103F-16F7-4668-BE54-9A1E7A4F7556}") = "ZioFileSystem.AzureBlobStorage", "..\ZioFileSystem.AzureBlobStorage\ZioFileSystem.AzureBlobStorage.csproj", "{58471B5A-C421-44A3-877A-BA79F6B4B3EB}"
EndProject
Global
	GlobalSection(SolutionConfigurationPlatforms) = preSolution
		Debug|Any CPU = Debug|Any CPU
		Release|Any CPU = Release|Any CPU
	EndGlobalSection
	GlobalSection(ProjectConfigurationPlatforms) = postSolution
		{676B2ABF-76E3-4848-B1DA-CAF4FFE547B6}.Debug|Any CPU.ActiveCfg = Debug|Any CPU
		{676B2ABF-76E3-4848-B1DA-CAF4FFE547B6}.Debug|Any CPU.Build.0 = Debug|Any CPU
		{676B2ABF-76E3-4848-B1DA-CAF4FFE547B6}.Release|Any CPU.ActiveCfg = Release|Any CPU
		{676B2ABF-76E3-4848-B1DA-CAF4FFE547B6}.Release|Any CPU.Build.0 = Release|Any CPU
		{B5BF93E7-0C19-4E13-82D1-41495E848C5D}.Debug|Any CPU.ActiveCfg = Debug|Any CPU
		{B5BF93E7-0C19-4E13-82D1-41495E848C5D}.Debug|Any CPU.Build.0 = Debug|Any CPU
		{B5BF93E7-0C19-4E13-82D1-41495E848C5D}.Release|Any CPU.ActiveCfg = Release|Any CPU
		{B5BF93E7-0C19-4E13-82D1-41495E848C5D}.Release|Any CPU.Build.0 = Release|Any CPU
		{17C5984B-D64C-49A2-8D4C-70ED338FC730}.Debug|Any CPU.ActiveCfg = Debug|Any CPU
		{17C5984B-D64C-49A2-8D4C-70ED338FC730}.Debug|Any CPU.Build.0 = Debug|Any CPU
		{17C5984B-D64C-49A2-8D4C-70ED338FC730}.Release|Any CPU.ActiveCfg = Release|Any CPU
		{17C5984B-D64C-49A2-8D4C-70ED338FC730}.Release|Any CPU.Build.0 = Release|Any CPU
		{58471B5A-C421-44A3-877A-BA79F6B4B3EB}.Debug|Any CPU.ActiveCfg = Debug|Any CPU
		{58471B5A-C421-44A3-877A-BA79F6B4B3EB}.Debug|Any CPU.Build.0 = Debug|Any CPU
		{58471B5A-C421-44A3-877A-BA79F6B4B3EB}.Release|Any CPU.ActiveCfg = Release|Any CPU
		{58471B5A-C421-44A3-877A-BA79F6B4B3EB}.Release|Any CPU.Build.0 = Release|Any CPU
	EndGlobalSection
	GlobalSection(SolutionProperties) = preSolution
		HideSolutionNode = FALSE
	EndGlobalSection
	GlobalSection(ExtensibilityGlobals) = postSolution
		SolutionGuid = {DD739D2F-2E73-44B4-845E-8B1277D661E0}
	EndGlobalSection
EndGlobal
