
Microsoft Visual Studio Solution File, Format Version 12.00
# Visual Studio Version 16
VisualStudioVersion = 16.0.30621.155
MinimumVisualStudioVersion = 10.0.40219.1
Project("{9A19103F-16F7-4668-BE54-9A1E7A4F7556}") = "Arius", "Arius\Arius.csproj", "{C6FD20ED-CD85-4B64-A1C9-59B3D17FEA42}"
EndProject
Project("{9A19103F-16F7-4668-BE54-9A1E7A4F7556}") = "Arius.Tests", "Arius.Tests\Arius.Tests.csproj", "{9E7B808A-155C-4474-B658-F814A24592F1}"
EndProject
Project("{9A19103F-16F7-4668-BE54-9A1E7A4F7556}") = "Arius.UI", "Arius.UI\Arius.UI.csproj", "{584DEE06-AE1A-44A1-A806-F6C652C98873}"
EndProject
Project("{FAE04EC0-301F-11D3-BF4B-00C04F79EFBC}") = "Arius.Core", "Arius.Core\Arius.Core.csproj", "{3DB1FF8B-9671-412B-BE82-8530CA65FF19}"
EndProject
Global
	GlobalSection(SolutionConfigurationPlatforms) = preSolution
		Debug|Any CPU = Debug|Any CPU
		Release|Any CPU = Release|Any CPU
	EndGlobalSection
	GlobalSection(ProjectConfigurationPlatforms) = postSolution
		{C6FD20ED-CD85-4B64-A1C9-59B3D17FEA42}.Debug|Any CPU.ActiveCfg = Debug|Any CPU
		{C6FD20ED-CD85-4B64-A1C9-59B3D17FEA42}.Debug|Any CPU.Build.0 = Debug|Any CPU
		{C6FD20ED-CD85-4B64-A1C9-59B3D17FEA42}.Release|Any CPU.ActiveCfg = Release|Any CPU
		{C6FD20ED-CD85-4B64-A1C9-59B3D17FEA42}.Release|Any CPU.Build.0 = Release|Any CPU
		{9E7B808A-155C-4474-B658-F814A24592F1}.Debug|Any CPU.ActiveCfg = Debug|Any CPU
		{9E7B808A-155C-4474-B658-F814A24592F1}.Debug|Any CPU.Build.0 = Debug|Any CPU
		{9E7B808A-155C-4474-B658-F814A24592F1}.Release|Any CPU.ActiveCfg = Release|Any CPU
		{9E7B808A-155C-4474-B658-F814A24592F1}.Release|Any CPU.Build.0 = Release|Any CPU
		{584DEE06-AE1A-44A1-A806-F6C652C98873}.Debug|Any CPU.ActiveCfg = Debug|Any CPU
		{584DEE06-AE1A-44A1-A806-F6C652C98873}.Debug|Any CPU.Build.0 = Debug|Any CPU
		{584DEE06-AE1A-44A1-A806-F6C652C98873}.Release|Any CPU.ActiveCfg = Release|Any CPU
		{584DEE06-AE1A-44A1-A806-F6C652C98873}.Release|Any CPU.Build.0 = Release|Any CPU
		{3DB1FF8B-9671-412B-BE82-8530CA65FF19}.Debug|Any CPU.ActiveCfg = Debug|Any CPU
		{3DB1FF8B-9671-412B-BE82-8530CA65FF19}.Debug|Any CPU.Build.0 = Debug|Any CPU
		{3DB1FF8B-9671-412B-BE82-8530CA65FF19}.Release|Any CPU.ActiveCfg = Release|Any CPU
		{3DB1FF8B-9671-412B-BE82-8530CA65FF19}.Release|Any CPU.Build.0 = Release|Any CPU
	EndGlobalSection
	GlobalSection(SolutionProperties) = preSolution
		HideSolutionNode = FALSE
	EndGlobalSection
	GlobalSection(ExtensibilityGlobals) = postSolution
		SolutionGuid = {22910351-E3F5-4C66-8C47-ADC931D02A83}
	EndGlobalSection
EndGlobal
