
Microsoft Visual Studio Solution File, Format Version 12.00
# Visual Studio Version 17
VisualStudioVersion = 17.0.31423.177
MinimumVisualStudioVersion = 10.0.40219.1
Project("{9A19103F-16F7-4668-BE54-9A1E7A4F7556}") = "Arius.Core.Tests", "Arius.Core.Tests\Arius.Core.Tests.csproj", "{9E7B808A-155C-4474-B658-F814A24592F1}"
EndProject
Project("{9A19103F-16F7-4668-BE54-9A1E7A4F7556}") = "Arius.Core", "Arius.Core\Arius.Core.csproj", "{3DB1FF8B-9671-412B-BE82-8530CA65FF19}"
EndProject
Project("{9A19103F-16F7-4668-BE54-9A1E7A4F7556}") = "Arius.Cli.Tests", "Arius.Cli.Tests\Arius.Cli.Tests.csproj", "{156346A7-B035-40C2-84AB-9BEAB6D6301C}"
EndProject
Project("{9A19103F-16F7-4668-BE54-9A1E7A4F7556}") = "Arius.Cli", "Arius.Cli\Arius.Cli.csproj", "{B0186E2E-8775-4406-B0FC-AF82E22F7418}"
EndProject
Project("{9A19103F-16F7-4668-BE54-9A1E7A4F7556}") = "Arius.Core.BehaviorTests", "Arius.Core.BehaviorTests\Arius.Core.BehaviorTests.csproj", "{06124932-B052-4E61-9DFE-45216A034B96}"
EndProject
Project("{9A19103F-16F7-4668-BE54-9A1E7A4F7556}") = "WouterVanRanst.Utils", "WouterVanRanst.Utils\src\WouterVanRanst.Utils\WouterVanRanst.Utils.csproj", "{21E68A8C-38DA-4CCC-83A9-DC4ECA0A4DE0}"
EndProject
Project("{9A19103F-16F7-4668-BE54-9A1E7A4F7556}") = "Arius.UI", "Arius.UI\Arius.UI.csproj", "{F0BFA079-FF76-4A49-9E25-3186752E3760}"
EndProject
Project("{FAE04EC0-301F-11D3-BF4B-00C04F79EFBC}") = "Arius.UI.Tests", "Arius.UI.Tests\Arius.UI.Tests.csproj", "{08C6DEE8-0E16-4F4D-AEE0-87F588C81F3A}"
EndProject
Global
	GlobalSection(SolutionConfigurationPlatforms) = preSolution
		Debug|Any CPU = Debug|Any CPU
		Release|Any CPU = Release|Any CPU
	EndGlobalSection
	GlobalSection(ProjectConfigurationPlatforms) = postSolution
		{9E7B808A-155C-4474-B658-F814A24592F1}.Debug|Any CPU.ActiveCfg = Debug|Any CPU
		{9E7B808A-155C-4474-B658-F814A24592F1}.Debug|Any CPU.Build.0 = Debug|Any CPU
		{9E7B808A-155C-4474-B658-F814A24592F1}.Release|Any CPU.ActiveCfg = Release|Any CPU
		{9E7B808A-155C-4474-B658-F814A24592F1}.Release|Any CPU.Build.0 = Release|Any CPU
		{3DB1FF8B-9671-412B-BE82-8530CA65FF19}.Debug|Any CPU.ActiveCfg = Debug|Any CPU
		{3DB1FF8B-9671-412B-BE82-8530CA65FF19}.Debug|Any CPU.Build.0 = Debug|Any CPU
		{3DB1FF8B-9671-412B-BE82-8530CA65FF19}.Release|Any CPU.ActiveCfg = Release|Any CPU
		{3DB1FF8B-9671-412B-BE82-8530CA65FF19}.Release|Any CPU.Build.0 = Release|Any CPU
		{156346A7-B035-40C2-84AB-9BEAB6D6301C}.Debug|Any CPU.ActiveCfg = Debug|Any CPU
		{156346A7-B035-40C2-84AB-9BEAB6D6301C}.Debug|Any CPU.Build.0 = Debug|Any CPU
		{156346A7-B035-40C2-84AB-9BEAB6D6301C}.Release|Any CPU.ActiveCfg = Release|Any CPU
		{156346A7-B035-40C2-84AB-9BEAB6D6301C}.Release|Any CPU.Build.0 = Release|Any CPU
		{B0186E2E-8775-4406-B0FC-AF82E22F7418}.Debug|Any CPU.ActiveCfg = Debug|Any CPU
		{B0186E2E-8775-4406-B0FC-AF82E22F7418}.Debug|Any CPU.Build.0 = Debug|Any CPU
		{B0186E2E-8775-4406-B0FC-AF82E22F7418}.Release|Any CPU.ActiveCfg = Release|Any CPU
		{B0186E2E-8775-4406-B0FC-AF82E22F7418}.Release|Any CPU.Build.0 = Release|Any CPU
		{06124932-B052-4E61-9DFE-45216A034B96}.Debug|Any CPU.ActiveCfg = Debug|Any CPU
		{06124932-B052-4E61-9DFE-45216A034B96}.Debug|Any CPU.Build.0 = Debug|Any CPU
		{06124932-B052-4E61-9DFE-45216A034B96}.Release|Any CPU.ActiveCfg = Release|Any CPU
		{06124932-B052-4E61-9DFE-45216A034B96}.Release|Any CPU.Build.0 = Release|Any CPU
		{21E68A8C-38DA-4CCC-83A9-DC4ECA0A4DE0}.Debug|Any CPU.ActiveCfg = Debug|Any CPU
		{21E68A8C-38DA-4CCC-83A9-DC4ECA0A4DE0}.Debug|Any CPU.Build.0 = Debug|Any CPU
		{21E68A8C-38DA-4CCC-83A9-DC4ECA0A4DE0}.Release|Any CPU.ActiveCfg = Release|Any CPU
		{21E68A8C-38DA-4CCC-83A9-DC4ECA0A4DE0}.Release|Any CPU.Build.0 = Release|Any CPU
		{F0BFA079-FF76-4A49-9E25-3186752E3760}.Debug|Any CPU.ActiveCfg = Debug|Any CPU
		{F0BFA079-FF76-4A49-9E25-3186752E3760}.Debug|Any CPU.Build.0 = Debug|Any CPU
		{F0BFA079-FF76-4A49-9E25-3186752E3760}.Release|Any CPU.ActiveCfg = Release|Any CPU
		{F0BFA079-FF76-4A49-9E25-3186752E3760}.Release|Any CPU.Build.0 = Release|Any CPU
		{08C6DEE8-0E16-4F4D-AEE0-87F588C81F3A}.Debug|Any CPU.ActiveCfg = Debug|Any CPU
		{08C6DEE8-0E16-4F4D-AEE0-87F588C81F3A}.Debug|Any CPU.Build.0 = Debug|Any CPU
		{08C6DEE8-0E16-4F4D-AEE0-87F588C81F3A}.Release|Any CPU.ActiveCfg = Release|Any CPU
		{08C6DEE8-0E16-4F4D-AEE0-87F588C81F3A}.Release|Any CPU.Build.0 = Release|Any CPU
	EndGlobalSection
	GlobalSection(SolutionProperties) = preSolution
		HideSolutionNode = FALSE
	EndGlobalSection
	GlobalSection(ExtensibilityGlobals) = postSolution
		SolutionGuid = {22910351-E3F5-4C66-8C47-ADC931D02A83}
	EndGlobalSection
EndGlobal
