
Microsoft Visual Studio Solution File, Format Version 12.00
# Visual Studio Version 17
VisualStudioVersion = 17.0.31423.177
MinimumVisualStudioVersion = 10.0.40219.1
Project("{9A19103F-16F7-4668-BE54-9A1E7A4F7556}") = "Arius.Core.Tests.Old", "Arius.Core.Tests.Old\Arius.Core.Tests.Old.csproj", "{9E7B808A-155C-4474-B658-F814A24592F1}"
EndProject
Project("{9A19103F-16F7-4668-BE54-9A1E7A4F7556}") = "Arius.Cli.Tests", "Arius.Cli.Tests\Arius.Cli.Tests.csproj", "{156346A7-B035-40C2-84AB-9BEAB6D6301C}"
EndProject
Project("{9A19103F-16F7-4668-BE54-9A1E7A4F7556}") = "Arius.Cli", "Arius.Cli\Arius.Cli.csproj", "{B0186E2E-8775-4406-B0FC-AF82E22F7418}"
EndProject
Project("{9A19103F-16F7-4668-BE54-9A1E7A4F7556}") = "Arius.Core.BehaviorTests", "Arius.Core.BehaviorTests\Arius.Core.BehaviorTests.csproj", "{06124932-B052-4E61-9DFE-45216A034B96}"
EndProject
Project("{9A19103F-16F7-4668-BE54-9A1E7A4F7556}") = "Arius.UI", "Arius.UI\Arius.UI.csproj", "{F0BFA079-FF76-4A49-9E25-3186752E3760}"
EndProject
Project("{9A19103F-16F7-4668-BE54-9A1E7A4F7556}") = "Arius.UI.Tests", "Arius.UI.Tests\Arius.UI.Tests.csproj", "{08C6DEE8-0E16-4F4D-AEE0-87F588C81F3A}"
EndProject
Project("{9A19103F-16F7-4668-BE54-9A1E7A4F7556}") = "Arius.Core.DbMigrationV2V3", "Arius.Core.DbMigrationV2V3\Arius.Core.DbMigrationV2V3.csproj", "{F6D931EE-5E69-44B1-8E6F-E6109E4CB2EC}"
EndProject
Project("{9A19103F-16F7-4668-BE54-9A1E7A4F7556}") = "Arius.Web", "Arius.Web\Arius.Web.csproj", "{96DFE21E-CF91-4693-9DD8-965EB6C63C28}"
EndProject
Project("{2150E333-8FDC-42A3-9474-1A3956D46DE8}") = "10-Cli", "10-Cli", "{2AA75E3C-FB59-4E0C-B9F2-DD05131B5CE4}"
EndProject
Project("{2150E333-8FDC-42A3-9474-1A3956D46DE8}") = "11-WpfUi", "11-WpfUi", "{966CB9FA-2465-4469-8918-282BEFDD9968}"
EndProject
Project("{2150E333-8FDC-42A3-9474-1A3956D46DE8}") = "99-Tests", "99-Tests", "{93629387-13D6-4CAE-8AF3-0E47E874E9C7}"
EndProject
Project("{2150E333-8FDC-42A3-9474-1A3956D46DE8}") = "12-WebUi", "12-WebUi", "{812913B6-AB8A-475B-B063-B05BDAD1640F}"
EndProject
Project("{2150E333-8FDC-42A3-9474-1A3956D46DE8}") = "20-Core", "20-Core", "{B5FDE7FD-E4C6-47D5-A203-C0FEBEC0AB62}"
EndProject
Project("{2150E333-8FDC-42A3-9474-1A3956D46DE8}") = "98-DbMigration", "98-DbMigration", "{3F00C85E-849E-462B-A4FC-6DA74E58E408}"
EndProject
Project("{9A19103F-16F7-4668-BE54-9A1E7A4F7556}") = "Arius.Web.Application", "Arius.Web.Application\Arius.Web.Application.csproj", "{3383E51F-7CB6-43F2-9737-36AE70BECE2D}"
EndProject
Project("{9A19103F-16F7-4668-BE54-9A1E7A4F7556}") = "Arius.Web.Infrastructure", "Arius.Web.Infrastructure\Arius.Web.Infrastructure.csproj", "{C5B7D514-923D-4233-90E5-944891FF02BF}"
EndProject
Project("{9A19103F-16F7-4668-BE54-9A1E7A4F7556}") = "Arius.Core", "Arius.Core\Arius.Core.csproj", "{E61F957F-8215-4D45-95AC-69D24EC5D43C}"
EndProject
Project("{9A19103F-16F7-4668-BE54-9A1E7A4F7556}") = "Arius.Core.Domain", "Arius.Core.Domain\Arius.Core.Domain.csproj", "{9884622C-99A4-4FDD-B025-C0D4BE5E1068}"
EndProject
Project("{9A19103F-16F7-4668-BE54-9A1E7A4F7556}") = "Arius.Core.Infrastructure", "Arius.Core.Infrastructure\Arius.Core.Infrastructure.csproj", "{91A07FEC-72DF-4A70-86A7-CB6E438F99DA}"
EndProject
Project("{9A19103F-16F7-4668-BE54-9A1E7A4F7556}") = "Arius.Web.Domain", "Arius.Web.Domain\Arius.Web.Domain.csproj", "{194A3391-398C-4916-B5F8-A8CD3FDAB808}"
EndProject
Project("{9A19103F-16F7-4668-BE54-9A1E7A4F7556}") = "Arius.ArchUnit", "Arius.ArchUnit\Arius.ArchUnit.csproj", "{326398FC-D58E-4217-A12E-2E4DD3EB365D}"
EndProject
Project("{9A19103F-16F7-4668-BE54-9A1E7A4F7556}") = "Arius.Core.New", "Arius.Core.New\Arius.Core.New.csproj", "{5021E374-72AC-41B3-BE7E-102EC52E5478}"
EndProject
Project("{9A19103F-16F7-4668-BE54-9A1E7A4F7556}") = "Arius.Core.New.UnitTests", "Arius.Core.New.UnitTests\Arius.Core.New.UnitTests.csproj", "{66A0ABA5-47A5-48D0-A193-60FC58726E39}"
EndProject
Project("{9A19103F-16F7-4668-BE54-9A1E7A4F7556}") = "Arius.Benchmarks", "Arius.Benchmarks\Arius.Benchmarks.csproj", "{8F5C7EF4-23C0-4F56-B00E-357D9F892D3F}"
EndProject
Project("{9A19103F-16F7-4668-BE54-9A1E7A4F7556}") = "WouterVanRanst.Utils", "..\..\WouterVanRanst.Utils\src\WouterVanRanst.Utils\WouterVanRanst.Utils.csproj", "{015BFE23-5CA2-4370-8CA8-112287D79A58}"
EndProject
Global
	GlobalSection(SolutionConfigurationPlatforms) = preSolution
		Debug|Any CPU = Debug|Any CPU
		Release|Any CPU = Release|Any CPU
	EndGlobalSection
	GlobalSection(ProjectConfigurationPlatforms) = postSolution
		{9E7B808A-155C-4474-B658-F814A24592F1}.Debug|Any CPU.ActiveCfg = Debug|Any CPU
		{9E7B808A-155C-4474-B658-F814A24592F1}.Debug|Any CPU.Build.0 = Debug|Any CPU
		{9E7B808A-155C-4474-B658-F814A24592F1}.Release|Any CPU.ActiveCfg = Release|Any CPU
		{9E7B808A-155C-4474-B658-F814A24592F1}.Release|Any CPU.Build.0 = Release|Any CPU
		{156346A7-B035-40C2-84AB-9BEAB6D6301C}.Debug|Any CPU.ActiveCfg = Debug|Any CPU
		{156346A7-B035-40C2-84AB-9BEAB6D6301C}.Debug|Any CPU.Build.0 = Debug|Any CPU
		{156346A7-B035-40C2-84AB-9BEAB6D6301C}.Release|Any CPU.ActiveCfg = Release|Any CPU
		{156346A7-B035-40C2-84AB-9BEAB6D6301C}.Release|Any CPU.Build.0 = Release|Any CPU
		{B0186E2E-8775-4406-B0FC-AF82E22F7418}.Debug|Any CPU.ActiveCfg = Debug|Any CPU
		{B0186E2E-8775-4406-B0FC-AF82E22F7418}.Debug|Any CPU.Build.0 = Debug|Any CPU
		{B0186E2E-8775-4406-B0FC-AF82E22F7418}.Release|Any CPU.ActiveCfg = Release|Any CPU
		{B0186E2E-8775-4406-B0FC-AF82E22F7418}.Release|Any CPU.Build.0 = Release|Any CPU
		{06124932-B052-4E61-9DFE-45216A034B96}.Debug|Any CPU.ActiveCfg = Debug|Any CPU
		{06124932-B052-4E61-9DFE-45216A034B96}.Debug|Any CPU.Build.0 = Debug|Any CPU
		{06124932-B052-4E61-9DFE-45216A034B96}.Release|Any CPU.ActiveCfg = Release|Any CPU
		{06124932-B052-4E61-9DFE-45216A034B96}.Release|Any CPU.Build.0 = Release|Any CPU
		{F0BFA079-FF76-4A49-9E25-3186752E3760}.Debug|Any CPU.ActiveCfg = Debug|Any CPU
		{F0BFA079-FF76-4A49-9E25-3186752E3760}.Debug|Any CPU.Build.0 = Debug|Any CPU
		{F0BFA079-FF76-4A49-9E25-3186752E3760}.Release|Any CPU.ActiveCfg = Release|Any CPU
		{F0BFA079-FF76-4A49-9E25-3186752E3760}.Release|Any CPU.Build.0 = Release|Any CPU
		{08C6DEE8-0E16-4F4D-AEE0-87F588C81F3A}.Debug|Any CPU.ActiveCfg = Debug|Any CPU
		{08C6DEE8-0E16-4F4D-AEE0-87F588C81F3A}.Debug|Any CPU.Build.0 = Debug|Any CPU
		{08C6DEE8-0E16-4F4D-AEE0-87F588C81F3A}.Release|Any CPU.ActiveCfg = Release|Any CPU
		{08C6DEE8-0E16-4F4D-AEE0-87F588C81F3A}.Release|Any CPU.Build.0 = Release|Any CPU
		{F6D931EE-5E69-44B1-8E6F-E6109E4CB2EC}.Debug|Any CPU.ActiveCfg = Debug|Any CPU
		{F6D931EE-5E69-44B1-8E6F-E6109E4CB2EC}.Debug|Any CPU.Build.0 = Debug|Any CPU
		{F6D931EE-5E69-44B1-8E6F-E6109E4CB2EC}.Release|Any CPU.ActiveCfg = Release|Any CPU
		{F6D931EE-5E69-44B1-8E6F-E6109E4CB2EC}.Release|Any CPU.Build.0 = Release|Any CPU
		{96DFE21E-CF91-4693-9DD8-965EB6C63C28}.Debug|Any CPU.ActiveCfg = Debug|Any CPU
		{96DFE21E-CF91-4693-9DD8-965EB6C63C28}.Debug|Any CPU.Build.0 = Debug|Any CPU
		{96DFE21E-CF91-4693-9DD8-965EB6C63C28}.Release|Any CPU.ActiveCfg = Release|Any CPU
		{96DFE21E-CF91-4693-9DD8-965EB6C63C28}.Release|Any CPU.Build.0 = Release|Any CPU
		{3383E51F-7CB6-43F2-9737-36AE70BECE2D}.Debug|Any CPU.ActiveCfg = Debug|Any CPU
		{3383E51F-7CB6-43F2-9737-36AE70BECE2D}.Debug|Any CPU.Build.0 = Debug|Any CPU
		{3383E51F-7CB6-43F2-9737-36AE70BECE2D}.Release|Any CPU.ActiveCfg = Release|Any CPU
		{3383E51F-7CB6-43F2-9737-36AE70BECE2D}.Release|Any CPU.Build.0 = Release|Any CPU
		{C5B7D514-923D-4233-90E5-944891FF02BF}.Debug|Any CPU.ActiveCfg = Debug|Any CPU
		{C5B7D514-923D-4233-90E5-944891FF02BF}.Debug|Any CPU.Build.0 = Debug|Any CPU
		{C5B7D514-923D-4233-90E5-944891FF02BF}.Release|Any CPU.ActiveCfg = Release|Any CPU
		{C5B7D514-923D-4233-90E5-944891FF02BF}.Release|Any CPU.Build.0 = Release|Any CPU
		{E61F957F-8215-4D45-95AC-69D24EC5D43C}.Debug|Any CPU.ActiveCfg = Debug|Any CPU
		{E61F957F-8215-4D45-95AC-69D24EC5D43C}.Debug|Any CPU.Build.0 = Debug|Any CPU
		{E61F957F-8215-4D45-95AC-69D24EC5D43C}.Release|Any CPU.ActiveCfg = Release|Any CPU
		{E61F957F-8215-4D45-95AC-69D24EC5D43C}.Release|Any CPU.Build.0 = Release|Any CPU
		{9884622C-99A4-4FDD-B025-C0D4BE5E1068}.Debug|Any CPU.ActiveCfg = Debug|Any CPU
		{9884622C-99A4-4FDD-B025-C0D4BE5E1068}.Debug|Any CPU.Build.0 = Debug|Any CPU
		{9884622C-99A4-4FDD-B025-C0D4BE5E1068}.Release|Any CPU.ActiveCfg = Release|Any CPU
		{9884622C-99A4-4FDD-B025-C0D4BE5E1068}.Release|Any CPU.Build.0 = Release|Any CPU
		{91A07FEC-72DF-4A70-86A7-CB6E438F99DA}.Debug|Any CPU.ActiveCfg = Debug|Any CPU
		{91A07FEC-72DF-4A70-86A7-CB6E438F99DA}.Debug|Any CPU.Build.0 = Debug|Any CPU
		{91A07FEC-72DF-4A70-86A7-CB6E438F99DA}.Release|Any CPU.ActiveCfg = Release|Any CPU
		{91A07FEC-72DF-4A70-86A7-CB6E438F99DA}.Release|Any CPU.Build.0 = Release|Any CPU
		{194A3391-398C-4916-B5F8-A8CD3FDAB808}.Debug|Any CPU.ActiveCfg = Debug|Any CPU
		{194A3391-398C-4916-B5F8-A8CD3FDAB808}.Debug|Any CPU.Build.0 = Debug|Any CPU
		{194A3391-398C-4916-B5F8-A8CD3FDAB808}.Release|Any CPU.ActiveCfg = Release|Any CPU
		{194A3391-398C-4916-B5F8-A8CD3FDAB808}.Release|Any CPU.Build.0 = Release|Any CPU
		{326398FC-D58E-4217-A12E-2E4DD3EB365D}.Debug|Any CPU.ActiveCfg = Debug|Any CPU
		{326398FC-D58E-4217-A12E-2E4DD3EB365D}.Debug|Any CPU.Build.0 = Debug|Any CPU
		{326398FC-D58E-4217-A12E-2E4DD3EB365D}.Release|Any CPU.ActiveCfg = Release|Any CPU
		{326398FC-D58E-4217-A12E-2E4DD3EB365D}.Release|Any CPU.Build.0 = Release|Any CPU
		{5021E374-72AC-41B3-BE7E-102EC52E5478}.Debug|Any CPU.ActiveCfg = Debug|Any CPU
		{5021E374-72AC-41B3-BE7E-102EC52E5478}.Debug|Any CPU.Build.0 = Debug|Any CPU
		{5021E374-72AC-41B3-BE7E-102EC52E5478}.Release|Any CPU.ActiveCfg = Release|Any CPU
		{5021E374-72AC-41B3-BE7E-102EC52E5478}.Release|Any CPU.Build.0 = Release|Any CPU
		{66A0ABA5-47A5-48D0-A193-60FC58726E39}.Debug|Any CPU.ActiveCfg = Debug|Any CPU
		{66A0ABA5-47A5-48D0-A193-60FC58726E39}.Debug|Any CPU.Build.0 = Debug|Any CPU
		{66A0ABA5-47A5-48D0-A193-60FC58726E39}.Release|Any CPU.ActiveCfg = Release|Any CPU
		{66A0ABA5-47A5-48D0-A193-60FC58726E39}.Release|Any CPU.Build.0 = Release|Any CPU
		{8F5C7EF4-23C0-4F56-B00E-357D9F892D3F}.Debug|Any CPU.ActiveCfg = Debug|Any CPU
		{8F5C7EF4-23C0-4F56-B00E-357D9F892D3F}.Debug|Any CPU.Build.0 = Debug|Any CPU
		{8F5C7EF4-23C0-4F56-B00E-357D9F892D3F}.Release|Any CPU.ActiveCfg = Release|Any CPU
		{8F5C7EF4-23C0-4F56-B00E-357D9F892D3F}.Release|Any CPU.Build.0 = Release|Any CPU
		{015BFE23-5CA2-4370-8CA8-112287D79A58}.Debug|Any CPU.ActiveCfg = Debug|Any CPU
		{015BFE23-5CA2-4370-8CA8-112287D79A58}.Debug|Any CPU.Build.0 = Debug|Any CPU
		{015BFE23-5CA2-4370-8CA8-112287D79A58}.Release|Any CPU.ActiveCfg = Release|Any CPU
		{015BFE23-5CA2-4370-8CA8-112287D79A58}.Release|Any CPU.Build.0 = Release|Any CPU
	EndGlobalSection
	GlobalSection(SolutionProperties) = preSolution
		HideSolutionNode = FALSE
	EndGlobalSection
	GlobalSection(NestedProjects) = preSolution
		{9E7B808A-155C-4474-B658-F814A24592F1} = {93629387-13D6-4CAE-8AF3-0E47E874E9C7}
		{156346A7-B035-40C2-84AB-9BEAB6D6301C} = {93629387-13D6-4CAE-8AF3-0E47E874E9C7}
		{B0186E2E-8775-4406-B0FC-AF82E22F7418} = {2AA75E3C-FB59-4E0C-B9F2-DD05131B5CE4}
		{06124932-B052-4E61-9DFE-45216A034B96} = {93629387-13D6-4CAE-8AF3-0E47E874E9C7}
		{F0BFA079-FF76-4A49-9E25-3186752E3760} = {966CB9FA-2465-4469-8918-282BEFDD9968}
		{08C6DEE8-0E16-4F4D-AEE0-87F588C81F3A} = {93629387-13D6-4CAE-8AF3-0E47E874E9C7}
		{F6D931EE-5E69-44B1-8E6F-E6109E4CB2EC} = {3F00C85E-849E-462B-A4FC-6DA74E58E408}
		{96DFE21E-CF91-4693-9DD8-965EB6C63C28} = {812913B6-AB8A-475B-B063-B05BDAD1640F}
		{3383E51F-7CB6-43F2-9737-36AE70BECE2D} = {812913B6-AB8A-475B-B063-B05BDAD1640F}
		{C5B7D514-923D-4233-90E5-944891FF02BF} = {812913B6-AB8A-475B-B063-B05BDAD1640F}
		{E61F957F-8215-4D45-95AC-69D24EC5D43C} = {B5FDE7FD-E4C6-47D5-A203-C0FEBEC0AB62}
		{9884622C-99A4-4FDD-B025-C0D4BE5E1068} = {B5FDE7FD-E4C6-47D5-A203-C0FEBEC0AB62}
		{91A07FEC-72DF-4A70-86A7-CB6E438F99DA} = {B5FDE7FD-E4C6-47D5-A203-C0FEBEC0AB62}
		{194A3391-398C-4916-B5F8-A8CD3FDAB808} = {812913B6-AB8A-475B-B063-B05BDAD1640F}
		{326398FC-D58E-4217-A12E-2E4DD3EB365D} = {93629387-13D6-4CAE-8AF3-0E47E874E9C7}
		{5021E374-72AC-41B3-BE7E-102EC52E5478} = {B5FDE7FD-E4C6-47D5-A203-C0FEBEC0AB62}
		{66A0ABA5-47A5-48D0-A193-60FC58726E39} = {93629387-13D6-4CAE-8AF3-0E47E874E9C7}
		{8F5C7EF4-23C0-4F56-B00E-357D9F892D3F} = {93629387-13D6-4CAE-8AF3-0E47E874E9C7}
	EndGlobalSection
	GlobalSection(ExtensibilityGlobals) = postSolution
		SolutionGuid = {22910351-E3F5-4C66-8C47-ADC931D02A83}
	EndGlobalSection
EndGlobal
